
Microsoft Visual Studio Solution File, Format Version 12.00
# Visual Studio Version 17
VisualStudioVersion = 17.9.34728.123
MinimumVisualStudioVersion = 10.0.40219.1
Project("{8BC9CEB8-8B4A-11D0-8D11-00A0C91BC942}") = "ReMesh", "ReMesh\ReMesh.vcxproj", "{A7E1CFAC-DF79-4CE8-899E-E87F403079B2}"
EndProject
Project("{54435603-DBB4-11D2-8724-00A0C9A8B90C}") = "ReMesh2024", "ReMesh2024\ReMesh2024.vdproj", "{03CF311D-647A-40C0-886E-858D57120344}"
EndProject
Global
	GlobalSection(SolutionConfigurationPlatforms) = preSolution
		Debug|x64 = Debug|x64
		Debug|x86 = Debug|x86
		Release|x64 = Release|x64
		Release|x86 = Release|x86
	EndGlobalSection
	GlobalSection(ProjectConfigurationPlatforms) = postSolution
		{A7E1CFAC-DF79-4CE8-899E-E87F403079B2}.Debug|x64.ActiveCfg = Debug|x64
		{A7E1CFAC-DF79-4CE8-899E-E87F403079B2}.Debug|x64.Build.0 = Debug|x64
		{A7E1CFAC-DF79-4CE8-899E-E87F403079B2}.Debug|x86.ActiveCfg = Debug|Win32
		{A7E1CFAC-DF79-4CE8-899E-E87F403079B2}.Debug|x86.Build.0 = Debug|Win32
		{A7E1CFAC-DF79-4CE8-899E-E87F403079B2}.Release|x64.ActiveCfg = Release|x64
		{A7E1CFAC-DF79-4CE8-899E-E87F403079B2}.Release|x64.Build.0 = Release|x64
		{A7E1CFAC-DF79-4CE8-899E-E87F403079B2}.Release|x86.ActiveCfg = Release|Win32
		{A7E1CFAC-DF79-4CE8-899E-E87F403079B2}.Release|x86.Build.0 = Release|Win32
		{03CF311D-647A-40C0-886E-858D57120344}.Debug|x64.ActiveCfg = Debug
		{03CF311D-647A-40C0-886E-858D57120344}.Debug|x86.ActiveCfg = Debug
		{03CF311D-647A-40C0-886E-858D57120344}.Release|x64.ActiveCfg = Release
		{03CF311D-647A-40C0-886E-858D57120344}.Release|x86.ActiveCfg = Release
	EndGlobalSection
	GlobalSection(SolutionProperties) = preSolution
		HideSolutionNode = FALSE
	EndGlobalSection
	GlobalSection(ExtensibilityGlobals) = postSolution
		SolutionGuid = {D043875C-1988-4B11-94BD-9041B715AF51}
	EndGlobalSection
EndGlobal
